
Microsoft Visual Studio Solution File, Format Version 12.00
# Visual Studio 15
VisualStudioVersion = 15.0.28307.902
MinimumVisualStudioVersion = 10.0.40219.1
Project("{FAE04EC0-301F-11D3-BF4B-00C04F79EFBC}") = "ASP.NET Final Project", "ASP.NET Final Project\ASP.NET Final Project.csproj", "{37C68EEF-EFC2-4185-B86C-3C7E8C60E0B9}"
EndProject
Global
	GlobalSection(SolutionConfigurationPlatforms) = preSolution
		Debug|Any CPU = Debug|Any CPU
		Release|Any CPU = Release|Any CPU
	EndGlobalSection
	GlobalSection(ProjectConfigurationPlatforms) = postSolution
		{37C68EEF-EFC2-4185-B86C-3C7E8C60E0B9}.Debug|Any CPU.ActiveCfg = Debug|Any CPU
		{37C68EEF-EFC2-4185-B86C-3C7E8C60E0B9}.Debug|Any CPU.Build.0 = Debug|Any CPU
		{37C68EEF-EFC2-4185-B86C-3C7E8C60E0B9}.Release|Any CPU.ActiveCfg = Release|Any CPU
		{37C68EEF-EFC2-4185-B86C-3C7E8C60E0B9}.Release|Any CPU.Build.0 = Release|Any CPU
	EndGlobalSection
	GlobalSection(SolutionProperties) = preSolution
		HideSolutionNode = FALSE
	EndGlobalSection
	GlobalSection(ExtensibilityGlobals) = postSolution
		SolutionGuid = {FF2ED106-E4A5-46F3-9C62-AD08B3EB12E4}
	EndGlobalSection
EndGlobal
